schema: '2.0'
stages:
  build_features:
    cmd: python .\src\features\build_features.py
    deps:
    - path: .\data\raw\
      hash: md5
      md5: 80b422c1bf2b1ce71883f7b461e079ae.dir
      size: 162145410
      nfiles: 3
    - path: .\src\features\build_features.py
      hash: md5
      md5: 4b1b6151763331be4f3cff75269d7a74
      size: 1128
  train_model:
    cmd: python .\src\models\train_model.py .\data\processed\
    deps:
    - path: .\data\processed\
      hash: md5
      md5: 36000eb4cde2da74e4f1c5604305807d.dir
      size: 228217566
      nfiles: 3
    - path: .\src\models\train_model.py
      hash: md5
      md5: 72603d92d008fa92f518d48c8e5c6341
      size: 3826
  push_model:
    cmd: python .\src\models\push_model.py .\data\processed\
    deps:
    - path: .\models\
      hash: md5
      md5: 2bcea092c009b9df03b5f5fb331903dd.dir
      size: 54364
      nfiles: 2
    - path: .\src\models\train_model.py
      hash: md5
      md5: 72603d92d008fa92f518d48c8e5c6341
      size: 3826
